
Microsoft Visual Studio Solution File, Format Version 12.00
# Visual Studio Version 17
VisualStudioVersion = 17.10.35013.160
MinimumVisualStudioVersion = 10.0.40219.1
Project("{FAE04EC0-301F-11D3-BF4B-00C04F79EFBC}") = "CompanyAPI", "CompanyAPI\CompanyAPI.csproj", "{1BB31E30-CBD4-4387-9165-2AABB1DDB363}"
EndProject
Global
	GlobalSection(SolutionConfigurationPlatforms) = preSolution
		Debug|Any CPU = Debug|Any CPU
		Release|Any CPU = Release|Any CPU
	EndGlobalSection
	GlobalSection(ProjectConfigurationPlatforms) = postSolution
		{1BB31E30-CBD4-4387-9165-2AABB1DDB363}.Debug|Any CPU.ActiveCfg = Debug|Any CPU
		{1BB31E30-CBD4-4387-9165-2AABB1DDB363}.Debug|Any CPU.Build.0 = Debug|Any CPU
		{1BB31E30-CBD4-4387-9165-2AABB1DDB363}.Release|Any CPU.ActiveCfg = Release|Any CPU
		{1BB31E30-CBD4-4387-9165-2AABB1DDB363}.Release|Any CPU.Build.0 = Release|Any CPU
	EndGlobalSection
	GlobalSection(SolutionProperties) = preSolution
		HideSolutionNode = FALSE
	EndGlobalSection
	GlobalSection(ExtensibilityGlobals) = postSolution
		SolutionGuid = {BFD845EA-AB35-4836-995C-CA61E14DE167}
	EndGlobalSection
EndGlobal
